
Microsoft Visual Studio Solution File, Format Version 12.00
# Visual Studio Version 17
VisualStudioVersion = 17.3.32922.545
MinimumVisualStudioVersion = 10.0.40219.1
Project("{9A19103F-16F7-4668-BE54-9A1E7A4F7556}") = "MiniBankingApp", "MiniBankingApp\MiniBankingApp.csproj", "{9B118319-9876-40CA-A95B-98CA71EB389E}"
EndProject
Project("{FAE04EC0-301F-11D3-BF4B-00C04F79EFBC}") = "MiniBankingApp.Tests", "MiniBankApp.Tests\MiniBankingApp.Tests.csproj", "{1AA6C815-2B12-4CFD-BC00-F8EE4CA6F53E}"
EndProject
Global
	GlobalSection(SolutionConfigurationPlatforms) = preSolution
		Debug|Any CPU = Debug|Any CPU
		Release|Any CPU = Release|Any CPU
	EndGlobalSection
	GlobalSection(ProjectConfigurationPlatforms) = postSolution
		{9B118319-9876-40CA-A95B-98CA71EB389E}.Debug|Any CPU.ActiveCfg = Debug|Any CPU
		{9B118319-9876-40CA-A95B-98CA71EB389E}.Debug|Any CPU.Build.0 = Debug|Any CPU
		{9B118319-9876-40CA-A95B-98CA71EB389E}.Release|Any CPU.ActiveCfg = Release|Any CPU
		{9B118319-9876-40CA-A95B-98CA71EB389E}.Release|Any CPU.Build.0 = Release|Any CPU
		{1AA6C815-2B12-4CFD-BC00-F8EE4CA6F53E}.Debug|Any CPU.ActiveCfg = Debug|Any CPU
		{1AA6C815-2B12-4CFD-BC00-F8EE4CA6F53E}.Debug|Any CPU.Build.0 = Debug|Any CPU
		{1AA6C815-2B12-4CFD-BC00-F8EE4CA6F53E}.Release|Any CPU.ActiveCfg = Release|Any CPU
		{1AA6C815-2B12-4CFD-BC00-F8EE4CA6F53E}.Release|Any CPU.Build.0 = Release|Any CPU
	EndGlobalSection
	GlobalSection(SolutionProperties) = preSolution
		HideSolutionNode = FALSE
	EndGlobalSection
	GlobalSection(ExtensibilityGlobals) = postSolution
		SolutionGuid = {6544081C-BE03-4FA1-9CD5-1F94A7B42D16}
	EndGlobalSection
EndGlobal
